
Microsoft Visual Studio Solution File, Format Version 12.00
# Visual Studio Version 17
VisualStudioVersion = 17.0.31903.59
MinimumVisualStudioVersion = 10.0.40219.1
Project("{FAE04EC0-301F-11D3-BF4B-00C04F79EFBC}") = "BSkyOAuthTokenGenerator", "BSkyOAuthTokenGenerator\BSkyOAuthTokenGenerator.csproj", "{79D5EAC2-D38E-4135-8416-8C6BF0CFB9C2}"
EndProject
Project("{FAE04EC0-301F-11D3-BF4B-00C04F79EFBC}") = "FishyFlip", "..\external\FishyFlip\src\FishyFlip\FishyFlip.csproj", "{BDFB6FCE-DBBE-4528-843A-BA7E58806A66}"
EndProject
Project("{FAE04EC0-301F-11D3-BF4B-00C04F79EFBC}") = "DPoP", "..\external\FishyFlip\external\IdentityModel.OidcClient\src\DPoP\DPoP.csproj", "{B40694FC-C16D-4D48-B23A-1B926BCB214C}"
EndProject
Project("{FAE04EC0-301F-11D3-BF4B-00C04F79EFBC}") = "OidcClient", "..\external\FishyFlip\external\IdentityModel.OidcClient\src\OidcClient\OidcClient.csproj", "{8AECE459-1DC2-4FA5-A998-FC649F35EDB5}"
EndProject
Project("{2150E333-8FDC-42A3-9474-1A3956D46DE8}") = "External", "External", "{EA1D8102-D775-41CC-9E8B-0E157CF20870}"
EndProject
Global
	GlobalSection(SolutionConfigurationPlatforms) = preSolution
		Debug|Any CPU = Debug|Any CPU
		Release|Any CPU = Release|Any CPU
	EndGlobalSection
	GlobalSection(SolutionProperties) = preSolution
		HideSolutionNode = FALSE
	EndGlobalSection
	GlobalSection(ProjectConfigurationPlatforms) = postSolution
		{79D5EAC2-D38E-4135-8416-8C6BF0CFB9C2}.Debug|Any CPU.ActiveCfg = Debug|Any CPU
		{79D5EAC2-D38E-4135-8416-8C6BF0CFB9C2}.Debug|Any CPU.Build.0 = Debug|Any CPU
		{79D5EAC2-D38E-4135-8416-8C6BF0CFB9C2}.Release|Any CPU.ActiveCfg = Release|Any CPU
		{79D5EAC2-D38E-4135-8416-8C6BF0CFB9C2}.Release|Any CPU.Build.0 = Release|Any CPU
		{BDFB6FCE-DBBE-4528-843A-BA7E58806A66}.Debug|Any CPU.ActiveCfg = Debug|Any CPU
		{BDFB6FCE-DBBE-4528-843A-BA7E58806A66}.Debug|Any CPU.Build.0 = Debug|Any CPU
		{BDFB6FCE-DBBE-4528-843A-BA7E58806A66}.Release|Any CPU.ActiveCfg = Release|Any CPU
		{BDFB6FCE-DBBE-4528-843A-BA7E58806A66}.Release|Any CPU.Build.0 = Release|Any CPU
		{B40694FC-C16D-4D48-B23A-1B926BCB214C}.Debug|Any CPU.ActiveCfg = Debug|Any CPU
		{B40694FC-C16D-4D48-B23A-1B926BCB214C}.Debug|Any CPU.Build.0 = Debug|Any CPU
		{B40694FC-C16D-4D48-B23A-1B926BCB214C}.Release|Any CPU.ActiveCfg = Release|Any CPU
		{B40694FC-C16D-4D48-B23A-1B926BCB214C}.Release|Any CPU.Build.0 = Release|Any CPU
		{8AECE459-1DC2-4FA5-A998-FC649F35EDB5}.Debug|Any CPU.ActiveCfg = Debug|Any CPU
		{8AECE459-1DC2-4FA5-A998-FC649F35EDB5}.Debug|Any CPU.Build.0 = Debug|Any CPU
		{8AECE459-1DC2-4FA5-A998-FC649F35EDB5}.Release|Any CPU.ActiveCfg = Release|Any CPU
		{8AECE459-1DC2-4FA5-A998-FC649F35EDB5}.Release|Any CPU.Build.0 = Release|Any CPU
	EndGlobalSection
	GlobalSection(NestedProjects) = preSolution
		{B40694FC-C16D-4D48-B23A-1B926BCB214C} = {EA1D8102-D775-41CC-9E8B-0E157CF20870}
		{8AECE459-1DC2-4FA5-A998-FC649F35EDB5} = {EA1D8102-D775-41CC-9E8B-0E157CF20870}
		{BDFB6FCE-DBBE-4528-843A-BA7E58806A66} = {EA1D8102-D775-41CC-9E8B-0E157CF20870}
	EndGlobalSection
EndGlobal
